{
  "name": "miniprogram-1",
  "version": "1.0.0",
  "lockfileVersion": 2,
  "requires": true,
  "packages": {
    "": {
      "name": "miniprogram-1",
      "version": "1.0.0",
      "license": "ISC",
      "dependencies": {
        "@vant/weapp": "^1.10.5",
        "mobx-miniprogram": "^4.13.2",
        "mobx-miniprogram-bindings": "^2.1.5"
      }
    },
    "node_modules/@types/wechat-miniprogram": {
      "version": "3.4.1",
      "resolved": "https://registry.npmjs.org/@types/wechat-miniprogram/-/wechat-miniprogram-3.4.1.tgz",
      "integrity": "sha512-szbuYR32VotxNQNQ4YyQ6Ob3ya0tLY0zpf/xvi6DF8Oqb+0Y+5CL5BpxS+4wBSJvlu3VfSXhjxZ0ze1a3l16Pw=="
    },
    "node_modules/@vant/weapp": {
      "version": "1.10.5",
      "resolved": "https://registry.npmjs.org/@vant/weapp/-/weapp-1.10.5.tgz",
      "integrity": "sha512-bAHp9r0ZiRsOqPOLzQHI/ZvkAlXzol1/TFhM70MyghuxkzJTjcDUd8RIfLkCN3c1MCK/PfBGw2an8/afygftCg=="
    },
    "node_modules/mobx-miniprogram": {
      "version": "4.13.2",
      "resolved": "https://registry.npmjs.org/mobx-miniprogram/-/mobx-miniprogram-4.13.2.tgz",
      "integrity": "sha512-C3HtkqHCLKp35N2gXA80yFD6PNfSqwioPFmnjTQpBLrEqYm1F6yiWZ57CW+8FqgmR306mw6ZfsM5q7hSTHw8BQ=="
    },
    "node_modules/mobx-miniprogram-bindings": {
      "version": "2.1.5",
      "resolved": "https://registry.npmjs.org/mobx-miniprogram-bindings/-/mobx-miniprogram-bindings-2.1.5.tgz",
      "integrity": "sha512-2HuiQL5FPgoYJ8XIMdw5iD6XT61LtsujaGyizbN845iZcsLmrKZiF0dKd4jQTSuC/6rGozqqhcy0sDc7qcpjYQ==",
      "dependencies": {
        "@types/wechat-miniprogram": "^3.4.0"
      },
      "peerDependencies": {
        "mobx-miniprogram": "^4.0.0"
      }
    }
  },
  "dependencies": {
    "@types/wechat-miniprogram": {
      "version": "3.4.1",
      "resolved": "https://registry.npmjs.org/@types/wechat-miniprogram/-/wechat-miniprogram-3.4.1.tgz",
      "integrity": "sha512-szbuYR32VotxNQNQ4YyQ6Ob3ya0tLY0zpf/xvi6DF8Oqb+0Y+5CL5BpxS+4wBSJvlu3VfSXhjxZ0ze1a3l16Pw=="
    },
    "@vant/weapp": {
      "version": "1.10.5",
      "resolved": "https://registry.npmjs.org/@vant/weapp/-/weapp-1.10.5.tgz",
      "integrity": "sha512-bAHp9r0ZiRsOqPOLzQHI/ZvkAlXzol1/TFhM70MyghuxkzJTjcDUd8RIfLkCN3c1MCK/PfBGw2an8/afygftCg=="
    },
    "mobx-miniprogram": {
      "version": "4.13.2",
      "resolved": "https://registry.npmjs.org/mobx-miniprogram/-/mobx-miniprogram-4.13.2.tgz",
      "integrity": "sha512-C3HtkqHCLKp35N2gXA80yFD6PNfSqwioPFmnjTQpBLrEqYm1F6yiWZ57CW+8FqgmR306mw6ZfsM5q7hSTHw8BQ=="
    },
    "mobx-miniprogram-bindings": {
      "version": "2.1.5",
      "resolved": "https://registry.npmjs.org/mobx-miniprogram-bindings/-/mobx-miniprogram-bindings-2.1.5.tgz",
      "integrity": "sha512-2HuiQL5FPgoYJ8XIMdw5iD6XT61LtsujaGyizbN845iZcsLmrKZiF0dKd4jQTSuC/6rGozqqhcy0sDc7qcpjYQ==",
      "requires": {
        "@types/wechat-miniprogram": "^3.4.0"
      }
    }
  }
}
